
Microsoft Visual Studio Solution File, Format Version 12.00
# Visual Studio Version 16
VisualStudioVersion = 16.0.32126.315
MinimumVisualStudioVersion = 10.0.40219.1
Project("{159641D6-6404-4A2A-AE62-294DE0FE8301}") = "BI_V2", "BI_V2\BI_V2.dtproj", "{F4EB7A31-F859-4B51-8030-FDC759F6DA01}"
EndProject
Global
	GlobalSection(SolutionConfigurationPlatforms) = preSolution
		Development|Default = Development|Default
	EndGlobalSection
	GlobalSection(ProjectConfigurationPlatforms) = postSolution
		{F4EB7A31-F859-4B51-8030-FDC759F6DA01}.Development|Default.ActiveCfg = Development
		{F4EB7A31-F859-4B51-8030-FDC759F6DA01}.Development|Default.Build.0 = Development
	EndGlobalSection
	GlobalSection(SolutionProperties) = preSolution
		HideSolutionNode = FALSE
	EndGlobalSection
	GlobalSection(ExtensibilityGlobals) = postSolution
		SolutionGuid = {87CD7FD7-68B9-420D-82FE-44EC6F3F4443}
	EndGlobalSection
EndGlobal
